
Microsoft Visual Studio Solution File, Format Version 12.00
# Visual Studio Version 17
VisualStudioVersion = 17.4.33403.182
MinimumVisualStudioVersion = 10.0.40219.1
Project("{9A19103F-16F7-4668-BE54-9A1E7A4F7556}") = "LinkStorage", "LinkStorage\LinkStorage.csproj", "{901F5A50-327A-4DFE-A37A-0CA1C1C30351}"
EndProject
Project("{9A19103F-16F7-4668-BE54-9A1E7A4F7556}") = "LinkStorage.Tests", "LinkStorage.Tests\LinkStorage.Tests.csproj", "{F7A5ED1B-039A-4978-BEC4-53D244CACACB}"
EndProject
Global
	GlobalSection(SolutionConfigurationPlatforms) = preSolution
		Debug|Any CPU = Debug|Any CPU
		Release|Any CPU = Release|Any CPU
	EndGlobalSection
	GlobalSection(ProjectConfigurationPlatforms) = postSolution
		{901F5A50-327A-4DFE-A37A-0CA1C1C30351}.Debug|Any CPU.ActiveCfg = Debug|Any CPU
		{901F5A50-327A-4DFE-A37A-0CA1C1C30351}.Debug|Any CPU.Build.0 = Debug|Any CPU
		{901F5A50-327A-4DFE-A37A-0CA1C1C30351}.Release|Any CPU.ActiveCfg = Release|Any CPU
		{901F5A50-327A-4DFE-A37A-0CA1C1C30351}.Release|Any CPU.Build.0 = Release|Any CPU
		{F7A5ED1B-039A-4978-BEC4-53D244CACACB}.Debug|Any CPU.ActiveCfg = Debug|Any CPU
		{F7A5ED1B-039A-4978-BEC4-53D244CACACB}.Debug|Any CPU.Build.0 = Debug|Any CPU
		{F7A5ED1B-039A-4978-BEC4-53D244CACACB}.Release|Any CPU.ActiveCfg = Release|Any CPU
		{F7A5ED1B-039A-4978-BEC4-53D244CACACB}.Release|Any CPU.Build.0 = Release|Any CPU
	EndGlobalSection
	GlobalSection(SolutionProperties) = preSolution
		HideSolutionNode = FALSE
	EndGlobalSection
	GlobalSection(ExtensibilityGlobals) = postSolution
		SolutionGuid = {4DE33CEF-0BEB-4E12-A13E-A088520BBDD7}
	EndGlobalSection
EndGlobal
